// !$*UTF8*$!
{
	archiveVersion = 1;
	classes = {
	};
	objectVersion = 51;
	objects = {

/* Begin PBXBuildFile section */
		40053C8326FE89B6000051B3 /* CustomNavigationBar.swift in Sources */ = {isa = PBXBuildFile; fileRef = 40053C8226FE89B6000051B3 /* CustomNavigationBar.swift */; };
		400B863826F0E6E40031242C /* FavoriteRecipeTests.swift in Sources */ = {isa = PBXBuildFile; fileRef = 400B863726F0E6E40031242C /* FavoriteRecipeTests.swift */; };
		400B863A26F0E7790031242C /* TestCoreDataStack.swift in Sources */ = {isa = PBXBuildFile; fileRef = 400B863926F0E7790031242C /* TestCoreDataStack.swift */; };
		402982A026F75B6200E5D271 /* NetworkSessionMock.swift in Sources */ = {isa = PBXBuildFile; fileRef = 4029829F26F75B6200E5D271 /* NetworkSessionMock.swift */; };
		402982A226F75C8600E5D271 /* ResponseDataMock.swift in Sources */ = {isa = PBXBuildFile; fileRef = 402982A126F75C8600E5D271 /* ResponseDataMock.swift */; };
		402982A626F75E9E00E5D271 /* Recipes.json in Resources */ = {isa = PBXBuildFile; fileRef = 402982A526F75E9E00E5D271 /* Recipes.json */; };
		402982A826F76B5D00E5D271 /* APIServiceTests.swift in Sources */ = {isa = PBXBuildFile; fileRef = 402982A726F76B5D00E5D271 /* APIServiceTests.swift */; };
		402BFCD126E11EE300CFBE01 /* AppDelegate.swift in Sources */ = {isa = PBXBuildFile; fileRef = 402BFCD026E11EE300CFBE01 /* AppDelegate.swift */; };
		402BFCD326E11EE300CFBE01 /* SceneDelegate.swift in Sources */ = {isa = PBXBuildFile; fileRef = 402BFCD226E11EE300CFBE01 /* SceneDelegate.swift */; };
		402BFCD526E11EE300CFBE01 /* IngredientViewController.swift in Sources */ = {isa = PBXBuildFile; fileRef = 402BFCD426E11EE300CFBE01 /* IngredientViewController.swift */; };
		402BFCD826E11EE300CFBE01 /* Main.storyboard in Resources */ = {isa = PBXBuildFile; fileRef = 402BFCD626E11EE300CFBE01 /* Main.storyboard */; };
		402BFCDB26E11EE300CFBE01 /* Reciplease.xcdatamodeld in Sources */ = {isa = PBXBuildFile; fileRef = 402BFCD926E11EE300CFBE01 /* Reciplease.xcdatamodeld */; };
		402BFCDD26E11EE300CFBE01 /* Assets.xcassets in Resources */ = {isa = PBXBuildFile; fileRef = 402BFCDC26E11EE300CFBE01 /* Assets.xcassets */; };
		402BFCE026E11EE300CFBE01 /* LaunchScreen.storyboard in Resources */ = {isa = PBXBuildFile; fileRef = 402BFCDE26E11EE300CFBE01 /* LaunchScreen.storyboard */; };
		402BFD0826E1208600CFBE01 /* RecipeListViewController.swift in Sources */ = {isa = PBXBuildFile; fileRef = 402BFD0726E1208600CFBE01 /* RecipeListViewController.swift */; };
		402BFD0A26E120E200CFBE01 /* RecipeViewController.swift in Sources */ = {isa = PBXBuildFile; fileRef = 402BFD0926E120E200CFBE01 /* RecipeViewController.swift */; };
		402BFD0C26E122FB00CFBE01 /* FavoriteListViewController.swift in Sources */ = {isa = PBXBuildFile; fileRef = 402BFD0B26E122FB00CFBE01 /* FavoriteListViewController.swift */; };
		402FB4B72700F0BC002BEBDF /* FavoriteBarButton.swift in Sources */ = {isa = PBXBuildFile; fileRef = 402FB4B62700F0BC002BEBDF /* FavoriteBarButton.swift */; };
		405866D026F4B0A30055AC34 /* APIService.swift in Sources */ = {isa = PBXBuildFile; fileRef = 405866CF26F4B0A30055AC34 /* APIService.swift */; };
		407090A726FA117700E8B1DE /* RoundedButton.swift in Sources */ = {isa = PBXBuildFile; fileRef = 407090A626FA117700E8B1DE /* RoundedButton.swift */; };
		408DFF8926E7DCE800D300C3 /* APIRequest.swift in Sources */ = {isa = PBXBuildFile; fileRef = 408DFF8826E7DCE800D300C3 /* APIRequest.swift */; };
		408DFF8B26E7E00400D300C3 /* APIRequestTests.swift in Sources */ = {isa = PBXBuildFile; fileRef = 408DFF8A26E7E00400D300C3 /* APIRequestTests.swift */; };
		409247DD26E27A25008D6BCC /* ExtensionUIImage.swift in Sources */ = {isa = PBXBuildFile; fileRef = 409247DC26E27A25008D6BCC /* ExtensionUIImage.swift */; };
		409247DF26E27EB3008D6BCC /* ExtensionUIView.swift in Sources */ = {isa = PBXBuildFile; fileRef = 409247DE26E27EB3008D6BCC /* ExtensionUIView.swift */; };
		409247E126E2850D008D6BCC /* ExtensionUITextField.swift in Sources */ = {isa = PBXBuildFile; fileRef = 409247E026E2850D008D6BCC /* ExtensionUITextField.swift */; };
		409526D926EF511100A7D289 /* Constants.swift in Sources */ = {isa = PBXBuildFile; fileRef = 409526D826EF511100A7D289 /* Constants.swift */; };
		409D59B526E23A9200CBDDF8 /* IngredientTableViewCell.swift in Sources */ = {isa = PBXBuildFile; fileRef = 409D59B426E23A9200CBDDF8 /* IngredientTableViewCell.swift */; };
		409D59B726E23D2700CBDDF8 /* Recipe.swift in Sources */ = {isa = PBXBuildFile; fileRef = 409D59B626E23D2700CBDDF8 /* Recipe.swift */; };
		409D59B926E243FA00CBDDF8 /* RecipeTableViewCell.swift in Sources */ = {isa = PBXBuildFile; fileRef = 409D59B826E243FA00CBDDF8 /* RecipeTableViewCell.swift */; };
		409D59BB26E244A800CBDDF8 /* ExtensionInt.swift in Sources */ = {isa = PBXBuildFile; fileRef = 409D59BA26E244A800CBDDF8 /* ExtensionInt.swift */; };
		40B3206E26F4B2AD00BF507A /* ExtensionSession.swift in Sources */ = {isa = PBXBuildFile; fileRef = 40B3206D26F4B2AD00BF507A /* ExtensionSession.swift */; };
		40B3207026F4B5D400BF507A /* DataHelper.swift in Sources */ = {isa = PBXBuildFile; fileRef = 40B3206F26F4B5D400BF507A /* DataHelper.swift */; };
		40B3207626F4BFF700BF507A /* DataHelperTests.swift in Sources */ = {isa = PBXBuildFile; fileRef = 40B3207526F4BFF700BF507A /* DataHelperTests.swift */; };
		40B3207826F4C5B200BF507A /* testFile.json in Resources */ = {isa = PBXBuildFile; fileRef = 40B3207726F4C5B200BF507A /* testFile.json */; };
		40B3862626F0CF62006125C9 /* FavoriteRecipe.swift in Sources */ = {isa = PBXBuildFile; fileRef = 40B3862526F0CF62006125C9 /* FavoriteRecipe.swift */; };
		40BB1E6126FC90D6002EE7A9 /* WebRecipeViewController.swift in Sources */ = {isa = PBXBuildFile; fileRef = 40BB1E6026FC90D6002EE7A9 /* WebRecipeViewController.swift */; };
		40C5289226E9042C000533EA /* RecipesJSON.swift in Sources */ = {isa = PBXBuildFile; fileRef = 40C5289126E9042C000533EA /* RecipesJSON.swift */; };
		40D54E8426E662B6009F24EB /* ExtensionString.swift in Sources */ = {isa = PBXBuildFile; fileRef = 40D54E8326E662B6009F24EB /* ExtensionString.swift */; };
		40D54E8626E66B7F009F24EB /* ExtensionsTests.swift in Sources */ = {isa = PBXBuildFile; fileRef = 40D54E8526E66B7F009F24EB /* ExtensionsTests.swift */; };
		40D54E8B26E66F54009F24EB /* RecipeTests.swift in Sources */ = {isa = PBXBuildFile; fileRef = 40D54E8A26E66F54009F24EB /* RecipeTests.swift */; };
		40F093E426F22CE8005EBD5F /* CoreDataHelper.swift in Sources */ = {isa = PBXBuildFile; fileRef = 40F093E326F22CE8005EBD5F /* CoreDataHelper.swift */; };
		40F093E626F243A3005EBD5F /* CoreDataHelperTests.swift in Sources */ = {isa = PBXBuildFile; fileRef = 40F093E526F243A3005EBD5F /* CoreDataHelperTests.swift */; };
		B43CDE4C73DCF2C6F7DF5506 /* Pods_RecipleaseTests.framework in Frameworks */ = {isa = PBXBuildFile; fileRef = 496B03F3C83893440AA5F63B /* Pods_RecipleaseTests.framework */; };
		B63CF6B2A35509293A432BE5 /* Pods_Reciplease.framework in Frameworks */ = {isa = PBXBuildFile; fileRef = 0AB8C0DA26E82018A21EC087 /* Pods_Reciplease.framework */; };
/* End PBXBuildFile section */

/* Begin PBXContainerItemProxy section */
		402BFCE726E11EE300CFBE01 /* PBXContainerItemProxy */ = {
			isa = PBXContainerItemProxy;
			containerPortal = 402BFCC526E11EE200CFBE01 /* Project object */;
			proxyType = 1;
			remoteGlobalIDString = 402BFCCC26E11EE300CFBE01;
			remoteInfo = Reciplease;
		};
/* End PBXContainerItemProxy section */

/* Begin PBXFileReference section */
		0AB8C0DA26E82018A21EC087 /* Pods_Reciplease.framework */ = {isa = PBXFileReference; explicitFileType = wrapper.framework; includeInIndex = 0; path = Pods_Reciplease.framework; sourceTree = BUILT_PRODUCTS_DIR; };
		40053C8226FE89B6000051B3 /* CustomNavigationBar.swift */ = {isa = PBXFileReference; lastKnownFileType = sourcecode.swift; path = CustomNavigationBar.swift; sourceTree = "<group>"; };
		400B863726F0E6E40031242C /* FavoriteRecipeTests.swift */ = {isa = PBXFileReference; lastKnownFileType = sourcecode.swift; path = FavoriteRecipeTests.swift; sourceTree = "<group>"; };
		400B863926F0E7790031242C /* TestCoreDataStack.swift */ = {isa = PBXFileReference; lastKnownFileType = sourcecode.swift; path = TestCoreDataStack.swift; sourceTree = "<group>"; };
		4029829F26F75B6200E5D271 /* NetworkSessionMock.swift */ = {isa = PBXFileReference; lastKnownFileType = sourcecode.swift; path = NetworkSessionMock.swift; sourceTree = "<group>"; };
		402982A126F75C8600E5D271 /* ResponseDataMock.swift */ = {isa = PBXFileReference; lastKnownFileType = sourcecode.swift; path = ResponseDataMock.swift; sourceTree = "<group>"; };
		402982A526F75E9E00E5D271 /* Recipes.json */ = {isa = PBXFileReference; lastKnownFileType = text.json; path = Recipes.json; sourceTree = "<group>"; };
		402982A726F76B5D00E5D271 /* APIServiceTests.swift */ = {isa = PBXFileReference; lastKnownFileType = sourcecode.swift; path = APIServiceTests.swift; sourceTree = "<group>"; };
		402BFCCD26E11EE300CFBE01 /* Reciplease.app */ = {isa = PBXFileReference; explicitFileType = wrapper.application; includeInIndex = 0; path = Reciplease.app; sourceTree = BUILT_PRODUCTS_DIR; };
		402BFCD026E11EE300CFBE01 /* AppDelegate.swift */ = {isa = PBXFileReference; lastKnownFileType = sourcecode.swift; path = AppDelegate.swift; sourceTree = "<group>"; };
		402BFCD226E11EE300CFBE01 /* SceneDelegate.swift */ = {isa = PBXFileReference; lastKnownFileType = sourcecode.swift; path = SceneDelegate.swift; sourceTree = "<group>"; };
		402BFCD426E11EE300CFBE01 /* IngredientViewController.swift */ = {isa = PBXFileReference; lastKnownFileType = sourcecode.swift; path = IngredientViewController.swift; sourceTree = "<group>"; };
		402BFCD726E11EE300CFBE01 /* Base */ = {isa = PBXFileReference; lastKnownFileType = file.storyboard; name = Base; path = Base.lproj/Main.storyboard; sourceTree = "<group>"; };
		402BFCDA26E11EE300CFBE01 /* Reciplease.xcdatamodel */ = {isa = PBXFileReference; lastKnownFileType = wrapper.xcdatamodel; path = Reciplease.xcdatamodel; sourceTree = "<group>"; };
		402BFCDC26E11EE300CFBE01 /* Assets.xcassets */ = {isa = PBXFileReference; lastKnownFileType = folder.assetcatalog; path = Assets.xcassets; sourceTree = "<group>"; };
		402BFCDF26E11EE300CFBE01 /* Base */ = {isa = PBXFileReference; lastKnownFileType = file.storyboard; name = Base; path = Base.lproj/LaunchScreen.storyboard; sourceTree = "<group>"; };
		402BFCE126E11EE300CFBE01 /* Info.plist */ = {isa = PBXFileReference; lastKnownFileType = text.plist.xml; path = Info.plist; sourceTree = "<group>"; };
		402BFCE626E11EE300CFBE01 /* RecipleaseTests.xctest */ = {isa = PBXFileReference; explicitFileType = wrapper.cfbundle; includeInIndex = 0; path = RecipleaseTests.xctest; sourceTree = BUILT_PRODUCTS_DIR; };
		402BFCEC26E11EE300CFBE01 /* Info.plist */ = {isa = PBXFileReference; lastKnownFileType = text.plist.xml; path = Info.plist; sourceTree = "<group>"; };
		402BFD0726E1208600CFBE01 /* RecipeListViewController.swift */ = {isa = PBXFileReference; lastKnownFileType = sourcecode.swift; path = RecipeListViewController.swift; sourceTree = "<group>"; };
		402BFD0926E120E200CFBE01 /* RecipeViewController.swift */ = {isa = PBXFileReference; lastKnownFileType = sourcecode.swift; path = RecipeViewController.swift; sourceTree = "<group>"; };
		402BFD0B26E122FB00CFBE01 /* FavoriteListViewController.swift */ = {isa = PBXFileReference; lastKnownFileType = sourcecode.swift; path = FavoriteListViewController.swift; sourceTree = "<group>"; };
		402FB4B62700F0BC002BEBDF /* FavoriteBarButton.swift */ = {isa = PBXFileReference; lastKnownFileType = sourcecode.swift; path = FavoriteBarButton.swift; sourceTree = "<group>"; };
		405866CF26F4B0A30055AC34 /* APIService.swift */ = {isa = PBXFileReference; lastKnownFileType = sourcecode.swift; path = APIService.swift; sourceTree = "<group>"; };
		407090A626FA117700E8B1DE /* RoundedButton.swift */ = {isa = PBXFileReference; lastKnownFileType = sourcecode.swift; path = RoundedButton.swift; sourceTree = "<group>"; };
		408DFF8826E7DCE800D300C3 /* APIRequest.swift */ = {isa = PBXFileReference; lastKnownFileType = sourcecode.swift; path = APIRequest.swift; sourceTree = "<group>"; };
		408DFF8A26E7E00400D300C3 /* APIRequestTests.swift */ = {isa = PBXFileReference; lastKnownFileType = sourcecode.swift; path = APIRequestTests.swift; sourceTree = "<group>"; };
		409247DC26E27A25008D6BCC /* ExtensionUIImage.swift */ = {isa = PBXFileReference; lastKnownFileType = sourcecode.swift; path = ExtensionUIImage.swift; sourceTree = "<group>"; };
		409247DE26E27EB3008D6BCC /* ExtensionUIView.swift */ = {isa = PBXFileReference; lastKnownFileType = sourcecode.swift; path = ExtensionUIView.swift; sourceTree = "<group>"; };
		409247E026E2850D008D6BCC /* ExtensionUITextField.swift */ = {isa = PBXFileReference; lastKnownFileType = sourcecode.swift; path = ExtensionUITextField.swift; sourceTree = "<group>"; };
		409526D826EF511100A7D289 /* Constants.swift */ = {isa = PBXFileReference; lastKnownFileType = sourcecode.swift; path = Constants.swift; sourceTree = "<group>"; };
		409D59B426E23A9200CBDDF8 /* IngredientTableViewCell.swift */ = {isa = PBXFileReference; lastKnownFileType = sourcecode.swift; path = IngredientTableViewCell.swift; sourceTree = "<group>"; };
		409D59B626E23D2700CBDDF8 /* Recipe.swift */ = {isa = PBXFileReference; lastKnownFileType = sourcecode.swift; path = Recipe.swift; sourceTree = "<group>"; };
		409D59B826E243FA00CBDDF8 /* RecipeTableViewCell.swift */ = {isa = PBXFileReference; lastKnownFileType = sourcecode.swift; path = RecipeTableViewCell.swift; sourceTree = "<group>"; };
		409D59BA26E244A800CBDDF8 /* ExtensionInt.swift */ = {isa = PBXFileReference; lastKnownFileType = sourcecode.swift; path = ExtensionInt.swift; sourceTree = "<group>"; };
		40B3206D26F4B2AD00BF507A /* ExtensionSession.swift */ = {isa = PBXFileReference; lastKnownFileType = sourcecode.swift; path = ExtensionSession.swift; sourceTree = "<group>"; };
		40B3206F26F4B5D400BF507A /* DataHelper.swift */ = {isa = PBXFileReference; lastKnownFileType = sourcecode.swift; path = DataHelper.swift; sourceTree = "<group>"; };
		40B3207526F4BFF700BF507A /* DataHelperTests.swift */ = {isa = PBXFileReference; lastKnownFileType = sourcecode.swift; path = DataHelperTests.swift; sourceTree = "<group>"; };
		40B3207726F4C5B200BF507A /* testFile.json */ = {isa = PBXFileReference; fileEncoding = 4; lastKnownFileType = text.json; path = testFile.json; sourceTree = "<group>"; };
		40B3862526F0CF62006125C9 /* FavoriteRecipe.swift */ = {isa = PBXFileReference; lastKnownFileType = sourcecode.swift; path = FavoriteRecipe.swift; sourceTree = "<group>"; };
		40BB1E6026FC90D6002EE7A9 /* WebRecipeViewController.swift */ = {isa = PBXFileReference; lastKnownFileType = sourcecode.swift; path = WebRecipeViewController.swift; sourceTree = "<group>"; };
		40C5289126E9042C000533EA /* RecipesJSON.swift */ = {isa = PBXFileReference; lastKnownFileType = sourcecode.swift; path = RecipesJSON.swift; sourceTree = "<group>"; };
		40D54E8326E662B6009F24EB /* ExtensionString.swift */ = {isa = PBXFileReference; lastKnownFileType = sourcecode.swift; path = ExtensionString.swift; sourceTree = "<group>"; };
		40D54E8526E66B7F009F24EB /* ExtensionsTests.swift */ = {isa = PBXFileReference; lastKnownFileType = sourcecode.swift; path = ExtensionsTests.swift; sourceTree = "<group>"; };
		40D54E8A26E66F54009F24EB /* RecipeTests.swift */ = {isa = PBXFileReference; lastKnownFileType = sourcecode.swift; path = RecipeTests.swift; sourceTree = "<group>"; };
		40F093E326F22CE8005EBD5F /* CoreDataHelper.swift */ = {isa = PBXFileReference; lastKnownFileType = sourcecode.swift; path = CoreDataHelper.swift; sourceTree = "<group>"; };
		40F093E526F243A3005EBD5F /* CoreDataHelperTests.swift */ = {isa = PBXFileReference; lastKnownFileType = sourcecode.swift; path = CoreDataHelperTests.swift; sourceTree = "<group>"; };
		486589FC1B79C6B269E4AC8E /* Pods-Reciplease.release.xcconfig */ = {isa = PBXFileReference; includeInIndex = 1; lastKnownFileType = text.xcconfig; name = "Pods-Reciplease.release.xcconfig"; path = "Target Support Files/Pods-Reciplease/Pods-Reciplease.release.xcconfig"; sourceTree = "<group>"; };
		496B03F3C83893440AA5F63B /* Pods_RecipleaseTests.framework */ = {isa = PBXFileReference; explicitFileType = wrapper.framework; includeInIndex = 0; path = Pods_RecipleaseTests.framework; sourceTree = BUILT_PRODUCTS_DIR; };
		6D430ECB56B0F1BB470E9E04 /* Pods-RecipleaseTests.debug.xcconfig */ = {isa = PBXFileReference; includeInIndex = 1; lastKnownFileType = text.xcconfig; name = "Pods-RecipleaseTests.debug.xcconfig"; path = "Target Support Files/Pods-RecipleaseTests/Pods-RecipleaseTests.debug.xcconfig"; sourceTree = "<group>"; };
		884B4BB943619A41A1269391 /* Pods-RecipleaseTests.release.xcconfig */ = {isa = PBXFileReference; includeInIndex = 1; lastKnownFileType = text.xcconfig; name = "Pods-RecipleaseTests.release.xcconfig"; path = "Target Support Files/Pods-RecipleaseTests/Pods-RecipleaseTests.release.xcconfig"; sourceTree = "<group>"; };
		EBC83A86E7D097E3E2F03B8D /* Pods-Reciplease.debug.xcconfig */ = {isa = PBXFileReference; includeInIndex = 1; lastKnownFileType = text.xcconfig; name = "Pods-Reciplease.debug.xcconfig"; path = "Target Support Files/Pods-Reciplease/Pods-Reciplease.debug.xcconfig"; sourceTree = "<group>"; };
/* End PBXFileReference section */

/* Begin PBXFrameworksBuildPhase section */
		402BFCCA26E11EE300CFBE01 /* Frameworks */ = {
			isa = PBXFrameworksBuildPhase;
			buildActionMask = 2147483647;
			files = (
				B63CF6B2A35509293A432BE5 /* Pods_Reciplease.framework in Frameworks */,
			);
			runOnlyForDeploymentPostprocessing = 0;
		};
		402BFCE326E11EE300CFBE01 /* Frameworks */ = {
			isa = PBXFrameworksBuildPhase;
			buildActionMask = 2147483647;
			files = (
				B43CDE4C73DCF2C6F7DF5506 /* Pods_RecipleaseTests.framework in Frameworks */,
			);
			runOnlyForDeploymentPostprocessing = 0;
		};
/* End PBXFrameworksBuildPhase section */

/* Begin PBXGroup section */
		1E26E8AA23A3325BC9B32D4B /* Pods */ = {
			isa = PBXGroup;
			children = (
				EBC83A86E7D097E3E2F03B8D /* Pods-Reciplease.debug.xcconfig */,
				486589FC1B79C6B269E4AC8E /* Pods-Reciplease.release.xcconfig */,
				6D430ECB56B0F1BB470E9E04 /* Pods-RecipleaseTests.debug.xcconfig */,
				884B4BB943619A41A1269391 /* Pods-RecipleaseTests.release.xcconfig */,
			);
			path = Pods;
			sourceTree = "<group>";
		};
		29A65D687E6730F8A949939E /* Frameworks */ = {
			isa = PBXGroup;
			children = (
				0AB8C0DA26E82018A21EC087 /* Pods_Reciplease.framework */,
				496B03F3C83893440AA5F63B /* Pods_RecipleaseTests.framework */,
			);
			name = Frameworks;
			sourceTree = "<group>";
		};
		4006536A26EA602B00551A9A /* Utils */ = {
			isa = PBXGroup;
			children = (
				400B863926F0E7790031242C /* TestCoreDataStack.swift */,
				40B3207726F4C5B200BF507A /* testFile.json */,
				4029829F26F75B6200E5D271 /* NetworkSessionMock.swift */,
				402982A126F75C8600E5D271 /* ResponseDataMock.swift */,
				402982A526F75E9E00E5D271 /* Recipes.json */,
			);
			path = Utils;
			sourceTree = "<group>";
		};
		402BFCC426E11EE200CFBE01 = {
			isa = PBXGroup;
			children = (
				402BFCCF26E11EE300CFBE01 /* Reciplease */,
				402BFCE926E11EE300CFBE01 /* RecipleaseTests */,
				402BFCCE26E11EE300CFBE01 /* Products */,
				1E26E8AA23A3325BC9B32D4B /* Pods */,
				29A65D687E6730F8A949939E /* Frameworks */,
			);
			sourceTree = "<group>";
		};
		402BFCCE26E11EE300CFBE01 /* Products */ = {
			isa = PBXGroup;
			children = (
				402BFCCD26E11EE300CFBE01 /* Reciplease.app */,
				402BFCE626E11EE300CFBE01 /* RecipleaseTests.xctest */,
			);
			name = Products;
			sourceTree = "<group>";
		};
		402BFCCF26E11EE300CFBE01 /* Reciplease */ = {
			isa = PBXGroup;
			children = (
				402BFD0626E11F3B00CFBE01 /* Supporting Files */,
				402BFD0526E11F2F00CFBE01 /* Modele */,
				402BFD0426E11F2700CFBE01 /* View */,
				402BFD0326E11F2100CFBE01 /* Controller */,
			);
			path = Reciplease;
			sourceTree = "<group>";
		};
		402BFCE926E11EE300CFBE01 /* RecipleaseTests */ = {
			isa = PBXGroup;
			children = (
				4006536A26EA602B00551A9A /* Utils */,
				402BFCEC26E11EE300CFBE01 /* Info.plist */,
				40D54E8A26E66F54009F24EB /* RecipeTests.swift */,
				400B863726F0E6E40031242C /* FavoriteRecipeTests.swift */,
				40F093E526F243A3005EBD5F /* CoreDataHelperTests.swift */,
				40B3207526F4BFF700BF507A /* DataHelperTests.swift */,
				402982A726F76B5D00E5D271 /* APIServiceTests.swift */,
				408DFF8A26E7E00400D300C3 /* APIRequestTests.swift */,
				40D54E8526E66B7F009F24EB /* ExtensionsTests.swift */,
			);
			path = RecipleaseTests;
			sourceTree = "<group>";
		};
		402BFD0326E11F2100CFBE01 /* Controller */ = {
			isa = PBXGroup;
			children = (
				402BFCD426E11EE300CFBE01 /* IngredientViewController.swift */,
				402BFD0726E1208600CFBE01 /* RecipeListViewController.swift */,
				402BFD0926E120E200CFBE01 /* RecipeViewController.swift */,
				402BFD0B26E122FB00CFBE01 /* FavoriteListViewController.swift */,
				40BB1E6026FC90D6002EE7A9 /* WebRecipeViewController.swift */,
			);
			path = Controller;
			sourceTree = "<group>";
		};
		402BFD0426E11F2700CFBE01 /* View */ = {
			isa = PBXGroup;
			children = (
				402BFCD626E11EE300CFBE01 /* Main.storyboard */,
				409D59B426E23A9200CBDDF8 /* IngredientTableViewCell.swift */,
				409D59B826E243FA00CBDDF8 /* RecipeTableViewCell.swift */,
				407090A626FA117700E8B1DE /* RoundedButton.swift */,
				40053C8226FE89B6000051B3 /* CustomNavigationBar.swift */,
				402FB4B62700F0BC002BEBDF /* FavoriteBarButton.swift */,
				40D54E8726E66DDE009F24EB /* Extensions */,
			);
			path = View;
			sourceTree = "<group>";
		};
		402BFD0526E11F2F00CFBE01 /* Modele */ = {
			isa = PBXGroup;
			children = (
				402BFCD926E11EE300CFBE01 /* Reciplease.xcdatamodeld */,
				409D59B626E23D2700CBDDF8 /* Recipe.swift */,
				40B3862526F0CF62006125C9 /* FavoriteRecipe.swift */,
				40F093E326F22CE8005EBD5F /* CoreDataHelper.swift */,
				40B3206F26F4B5D400BF507A /* DataHelper.swift */,
				405866CF26F4B0A30055AC34 /* APIService.swift */,
				408DFF8826E7DCE800D300C3 /* APIRequest.swift */,
				40C5289126E9042C000533EA /* RecipesJSON.swift */,
				40D54E8226E65BA4009F24EB /* Extensions */,
			);
			path = Modele;
			sourceTree = "<group>";
		};
		402BFD0626E11F3B00CFBE01 /* Supporting Files */ = {
			isa = PBXGroup;
			children = (
				402BFCD226E11EE300CFBE01 /* SceneDelegate.swift */,
				402BFCD026E11EE300CFBE01 /* AppDelegate.swift */,
				402BFCDC26E11EE300CFBE01 /* Assets.xcassets */,
				402BFCDE26E11EE300CFBE01 /* LaunchScreen.storyboard */,
				402BFCE126E11EE300CFBE01 /* Info.plist */,
				409526D826EF511100A7D289 /* Constants.swift */,
			);
			path = "Supporting Files";
			sourceTree = "<group>";
		};
		40D54E8226E65BA4009F24EB /* Extensions */ = {
			isa = PBXGroup;
			children = (
				409D59BA26E244A800CBDDF8 /* ExtensionInt.swift */,
				40D54E8326E662B6009F24EB /* ExtensionString.swift */,
				40B3206D26F4B2AD00BF507A /* ExtensionSession.swift */,
			);
			path = Extensions;
			sourceTree = "<group>";
		};
		40D54E8726E66DDE009F24EB /* Extensions */ = {
			isa = PBXGroup;
			children = (
				409247DC26E27A25008D6BCC /* ExtensionUIImage.swift */,
				409247DE26E27EB3008D6BCC /* ExtensionUIView.swift */,
				409247E026E2850D008D6BCC /* ExtensionUITextField.swift */,
			);
			path = Extensions;
			sourceTree = "<group>";
		};
/* End PBXGroup section */

/* Begin PBXNativeTarget section */
		402BFCCC26E11EE300CFBE01 /* Reciplease */ = {
			isa = PBXNativeTarget;
			buildConfigurationList = 402BFCFA26E11EE300CFBE01 /* Build configuration list for PBXNativeTarget "Reciplease" */;
			buildPhases = (
				4641B2ADD78F413FD172B98E /* [CP] Check Pods Manifest.lock */,
				402BFCC926E11EE300CFBE01 /* Sources */,
				402BFCCA26E11EE300CFBE01 /* Frameworks */,
				402BFCCB26E11EE300CFBE01 /* Resources */,
				9E4397029DCB4F95AC6141EF /* [CP] Embed Pods Frameworks */,
			);
			buildRules = (
			);
			dependencies = (
			);
			name = Reciplease;
			productName = Reciplease;
			productReference = 402BFCCD26E11EE300CFBE01 /* Reciplease.app */;
			productType = "com.apple.product-type.application";
		};
		402BFCE526E11EE300CFBE01 /* RecipleaseTests */ = {
			isa = PBXNativeTarget;
			buildConfigurationList = 402BFCFD26E11EE300CFBE01 /* Build configuration list for PBXNativeTarget "RecipleaseTests" */;
			buildPhases = (
				3A32D84A82017E5A6818F0B1 /* [CP] Check Pods Manifest.lock */,
				402BFCE226E11EE300CFBE01 /* Sources */,
				402BFCE326E11EE300CFBE01 /* Frameworks */,
				402BFCE426E11EE300CFBE01 /* Resources */,
			);
			buildRules = (
			);
			dependencies = (
				402BFCE826E11EE300CFBE01 /* PBXTargetDependency */,
			);
			name = RecipleaseTests;
			productName = RecipleaseTests;
			productReference = 402BFCE626E11EE300CFBE01 /* RecipleaseTests.xctest */;
			productType = "com.apple.product-type.bundle.unit-test";
		};
/* End PBXNativeTarget section */

/* Begin PBXProject section */
		402BFCC526E11EE200CFBE01 /* Project object */ = {
			isa = PBXProject;
			attributes = {
				LastSwiftUpdateCheck = 1250;
				LastUpgradeCheck = 1250;
				TargetAttributes = {
					402BFCCC26E11EE300CFBE01 = {
						CreatedOnToolsVersion = 12.5.1;
					};
					402BFCE526E11EE300CFBE01 = {
						CreatedOnToolsVersion = 12.5.1;
						LastSwiftMigration = 1300;
						TestTargetID = 402BFCCC26E11EE300CFBE01;
					};
				};
			};
			buildConfigurationList = 402BFCC826E11EE200CFBE01 /* Build configuration list for PBXProject "Reciplease" */;
			compatibilityVersion = "Xcode 9.3";
			developmentRegion = en;
			hasScannedForEncodings = 0;
			knownRegions = (
				en,
				Base,
			);
			mainGroup = 402BFCC426E11EE200CFBE01;
			productRefGroup = 402BFCCE26E11EE300CFBE01 /* Products */;
			projectDirPath = "";
			projectRoot = "";
			targets = (
				402BFCCC26E11EE300CFBE01 /* Reciplease */,
				402BFCE526E11EE300CFBE01 /* RecipleaseTests */,
			);
		};
/* End PBXProject section */

/* Begin PBXResourcesBuildPhase section */
		402BFCCB26E11EE300CFBE01 /* Resources */ = {
			isa = PBXResourcesBuildPhase;
			buildActionMask = 2147483647;
			files = (
				402BFCE026E11EE300CFBE01 /* LaunchScreen.storyboard in Resources */,
				402BFCDD26E11EE300CFBE01 /* Assets.xcassets in Resources */,
				402BFCD826E11EE300CFBE01 /* Main.storyboard in Resources */,
			);
			runOnlyForDeploymentPostprocessing = 0;
		};
		402BFCE426E11EE300CFBE01 /* Resources */ = {
			isa = PBXResourcesBuildPhase;
			buildActionMask = 2147483647;
			files = (
				40B3207826F4C5B200BF507A /* testFile.json in Resources */,
				402982A626F75E9E00E5D271 /* Recipes.json in Resources */,
			);
			runOnlyForDeploymentPostprocessing = 0;
		};
/* End PBXResourcesBuildPhase section */

/* Begin PBXShellScriptBuildPhase section */
		3A32D84A82017E5A6818F0B1 /* [CP] Check Pods Manifest.lock */ = {
			isa = PBXShellScriptBuildPhase;
			buildActionMask = 2147483647;
			files = (
			);
			inputFileListPaths = (
			);
			inputPaths = (
				"${PODS_PODFILE_DIR_PATH}/Podfile.lock",
				"${PODS_ROOT}/Manifest.lock",
			);
			name = "[CP] Check Pods Manifest.lock";
			outputFileListPaths = (
			);
			outputPaths = (
				"$(DERIVED_FILE_DIR)/Pods-RecipleaseTests-checkManifestLockResult.txt",
			);
			runOnlyForDeploymentPostprocessing = 0;
			shellPath = /bin/sh;
			shellScript = "diff \"${PODS_PODFILE_DIR_PATH}/Podfile.lock\" \"${PODS_ROOT}/Manifest.lock\" > /dev/null\nif [ $? != 0 ] ; then\n    # print error to STDERR\n    echo \"error: The sandbox is not in sync with the Podfile.lock. Run 'pod install' or update your CocoaPods installation.\" >&2\n    exit 1\nfi\n# This output is used by Xcode 'outputs' to avoid re-running this script phase.\necho \"SUCCESS\" > \"${SCRIPT_OUTPUT_FILE_0}\"\n";
			showEnvVarsInLog = 0;
		};
		4641B2ADD78F413FD172B98E /* [CP] Check Pods Manifest.lock */ = {
			isa = PBXShellScriptBuildPhase;
			buildActionMask = 2147483647;
			files = (
			);
			inputFileListPaths = (
			);
			inputPaths = (
				"${PODS_PODFILE_DIR_PATH}/Podfile.lock",
				"${PODS_ROOT}/Manifest.lock",
			);
			name = "[CP] Check Pods Manifest.lock";
			outputFileListPaths = (
			);
			outputPaths = (
				"$(DERIVED_FILE_DIR)/Pods-Reciplease-checkManifestLockResult.txt",
			);
			runOnlyForDeploymentPostprocessing = 0;
			shellPath = /bin/sh;
			shellScript = "diff \"${PODS_PODFILE_DIR_PATH}/Podfile.lock\" \"${PODS_ROOT}/Manifest.lock\" > /dev/null\nif [ $? != 0 ] ; then\n    # print error to STDERR\n    echo \"error: The sandbox is not in sync with the Podfile.lock. Run 'pod install' or update your CocoaPods installation.\" >&2\n    exit 1\nfi\n# This output is used by Xcode 'outputs' to avoid re-running this script phase.\necho \"SUCCESS\" > \"${SCRIPT_OUTPUT_FILE_0}\"\n";
			showEnvVarsInLog = 0;
		};
		9E4397029DCB4F95AC6141EF /* [CP] Embed Pods Frameworks */ = {
			isa = PBXShellScriptBuildPhase;
			buildActionMask = 2147483647;
			files = (
			);
			inputFileListPaths = (
				"${PODS_ROOT}/Target Support Files/Pods-Reciplease/Pods-Reciplease-frameworks-${CONFIGURATION}-input-files.xcfilelist",
			);
			name = "[CP] Embed Pods Frameworks";
			outputFileListPaths = (
				"${PODS_ROOT}/Target Support Files/Pods-Reciplease/Pods-Reciplease-frameworks-${CONFIGURATION}-output-files.xcfilelist",
			);
			runOnlyForDeploymentPostprocessing = 0;
			shellPath = /bin/sh;
			shellScript = "\"${PODS_ROOT}/Target Support Files/Pods-Reciplease/Pods-Reciplease-frameworks.sh\"\n";
			showEnvVarsInLog = 0;
		};
/* End PBXShellScriptBuildPhase section */

/* Begin PBXSourcesBuildPhase section */
		402BFCC926E11EE300CFBE01 /* Sources */ = {
			isa = PBXSourcesBuildPhase;
			buildActionMask = 2147483647;
			files = (
				402BFD0C26E122FB00CFBE01 /* FavoriteListViewController.swift in Sources */,
				409247DF26E27EB3008D6BCC /* ExtensionUIView.swift in Sources */,
				409D59B926E243FA00CBDDF8 /* RecipeTableViewCell.swift in Sources */,
				40D54E8426E662B6009F24EB /* ExtensionString.swift in Sources */,
				402BFD0826E1208600CFBE01 /* RecipeListViewController.swift in Sources */,
				409247DD26E27A25008D6BCC /* ExtensionUIImage.swift in Sources */,
				402BFCDB26E11EE300CFBE01 /* Reciplease.xcdatamodeld in Sources */,
				402FB4B72700F0BC002BEBDF /* FavoriteBarButton.swift in Sources */,
				40F093E426F22CE8005EBD5F /* CoreDataHelper.swift in Sources */,
				409D59BB26E244A800CBDDF8 /* ExtensionInt.swift in Sources */,
				40B3206E26F4B2AD00BF507A /* ExtensionSession.swift in Sources */,
				402BFD0A26E120E200CFBE01 /* RecipeViewController.swift in Sources */,
				409526D926EF511100A7D289 /* Constants.swift in Sources */,
				409D59B526E23A9200CBDDF8 /* IngredientTableViewCell.swift in Sources */,
				402BFCD526E11EE300CFBE01 /* IngredientViewController.swift in Sources */,
				409D59B726E23D2700CBDDF8 /* Recipe.swift in Sources */,
				40C5289226E9042C000533EA /* RecipesJSON.swift in Sources */,
				409247E126E2850D008D6BCC /* ExtensionUITextField.swift in Sources */,
				40B3862626F0CF62006125C9 /* FavoriteRecipe.swift in Sources */,
				40053C8326FE89B6000051B3 /* CustomNavigationBar.swift in Sources */,
				405866D026F4B0A30055AC34 /* APIService.swift in Sources */,
				40BB1E6126FC90D6002EE7A9 /* WebRecipeViewController.swift in Sources */,
				407090A726FA117700E8B1DE /* RoundedButton.swift in Sources */,
				402BFCD126E11EE300CFBE01 /* AppDelegate.swift in Sources */,
				40B3207026F4B5D400BF507A /* DataHelper.swift in Sources */,
				408DFF8926E7DCE800D300C3 /* APIRequest.swift in Sources */,
				402BFCD326E11EE300CFBE01 /* SceneDelegate.swift in Sources */,
			);
			runOnlyForDeploymentPostprocessing = 0;
		};
		402BFCE226E11EE300CFBE01 /* Sources */ = {
			isa = PBXSourcesBuildPhase;
			buildActionMask = 2147483647;
			files = (
				40D54E8626E66B7F009F24EB /* ExtensionsTests.swift in Sources */,
				408DFF8B26E7E00400D300C3 /* APIRequestTests.swift in Sources */,
				40D54E8B26E66F54009F24EB /* RecipeTests.swift in Sources */,
				402982A226F75C8600E5D271 /* ResponseDataMock.swift in Sources */,
				402982A826F76B5D00E5D271 /* APIServiceTests.swift in Sources */,
				402982A026F75B6200E5D271 /* NetworkSessionMock.swift in Sources */,
				40F093E626F243A3005EBD5F /* CoreDataHelperTests.swift in Sources */,
				40B3207626F4BFF700BF507A /* DataHelperTests.swift in Sources */,
				400B863826F0E6E40031242C /* FavoriteRecipeTests.swift in Sources */,
				400B863A26F0E7790031242C /* TestCoreDataStack.swift in Sources */,
			);
			runOnlyForDeploymentPostprocessing = 0;
		};
/* End PBXSourcesBuildPhase section */

/* Begin PBXTargetDependency section */
		402BFCE826E11EE300CFBE01 /* PBXTargetDependency */ = {
			isa = PBXTargetDependency;
			target = 402BFCCC26E11EE300CFBE01 /* Reciplease */;
			targetProxy = 402BFCE726E11EE300CFBE01 /* PBXContainerItemProxy */;
		};
/* End PBXTargetDependency section */

/* Begin PBXVariantGroup section */
		402BFCD626E11EE300CFBE01 /* Main.storyboard */ = {
			isa = PBXVariantGroup;
			children = (
				402BFCD726E11EE300CFBE01 /* Base */,
			);
			name = Main.storyboard;
			sourceTree = "<group>";
		};
		402BFCDE26E11EE300CFBE01 /* LaunchScreen.storyboard */ = {
			isa = PBXVariantGroup;
			children = (
				402BFCDF26E11EE300CFBE01 /* Base */,
			);
			name = LaunchScreen.storyboard;
			sourceTree = "<group>";
		};
/* End PBXVariantGroup section */

/* Begin XCBuildConfiguration section */
		402BFCF826E11EE300CFBE01 /* Debug */ = {
			isa = XCBuildConfiguration;
			buildSettings = {
				ALWAYS_SEARCH_USER_PATHS = NO;
				CLANG_ANALYZER_NONNULL = YES;
				CLANG_ANALYZER_NUMBER_OBJECT_CONVERSION = YES_AGGRESSIVE;
				CLANG_CXX_LANGUAGE_STANDARD = "gnu++14";
				CLANG_CXX_LIBRARY = "libc++";
				CLANG_ENABLE_MODULES = YES;
				CLANG_ENABLE_OBJC_ARC = YES;
				CLANG_ENABLE_OBJC_WEAK = YES;
				CLANG_WARN_BLOCK_CAPTURE_AUTORELEASING = YES;
				CLANG_WARN_BOOL_CONVERSION = YES;
				CLANG_WARN_COMMA = YES;
				CLANG_WARN_CONSTANT_CONVERSION = YES;
				CLANG_WARN_DEPRECATED_OBJC_IMPLEMENTATIONS = YES;
				CLANG_WARN_DIRECT_OBJC_ISA_USAGE = YES_ERROR;
				CLANG_WARN_DOCUMENTATION_COMMENTS = YES;
				CLANG_WARN_EMPTY_BODY = YES;
				CLANG_WARN_ENUM_CONVERSION = YES;
				CLANG_WARN_INFINITE_RECURSION = YES;
				CLANG_WARN_INT_CONVERSION = YES;
				CLANG_WARN_NON_LITERAL_NULL_CONVERSION = YES;
				CLANG_WARN_OBJC_IMPLICIT_RETAIN_SELF = YES;
				CLANG_WARN_OBJC_LITERAL_CONVERSION = YES;
				CLANG_WARN_OBJC_ROOT_CLASS = YES_ERROR;
				CLANG_WARN_QUOTED_INCLUDE_IN_FRAMEWORK_HEADER = YES;
				CLANG_WARN_RANGE_LOOP_ANALYSIS = YES;
				CLANG_WARN_STRICT_PROTOTYPES = YES;
				CLANG_WARN_SUSPICIOUS_MOVE = YES;
				CLANG_WARN_UNGUARDED_AVAILABILITY = YES_AGGRESSIVE;
				CLANG_WARN_UNREACHABLE_CODE = YES;
				CLANG_WARN__DUPLICATE_METHOD_MATCH = YES;
				CODE_SIGN_STYLE = Automatic;
				COPY_PHASE_STRIP = NO;
				DEBUG_INFORMATION_FORMAT = dwarf;
				DEVELOPMENT_TEAM = RVW2J6VR8Y;
				ENABLE_STRICT_OBJC_MSGSEND = YES;
				ENABLE_TESTABILITY = YES;
				GCC_C_LANGUAGE_STANDARD = gnu11;
				GCC_DYNAMIC_NO_PIC = NO;
				GCC_NO_COMMON_BLOCKS = YES;
				GCC_OPTIMIZATION_LEVEL = 0;
				GCC_PREPROCESSOR_DEFINITIONS = (
					"DEBUG=1",
					"$(inherited)",
				);
				GCC_WARN_64_TO_32_BIT_CONVERSION = YES;
				GCC_WARN_ABOUT_RETURN_TYPE = YES_ERROR;
				GCC_WARN_UNDECLARED_SELECTOR = YES;
				GCC_WARN_UNINITIALIZED_AUTOS = YES_AGGRESSIVE;
				GCC_WARN_UNUSED_FUNCTION = YES;
				GCC_WARN_UNUSED_VARIABLE = YES;
				IPHONEOS_DEPLOYMENT_TARGET = 14.5;
				MTL_ENABLE_DEBUG_INFO = INCLUDE_SOURCE;
				MTL_FAST_MATH = YES;
				ONLY_ACTIVE_ARCH = YES;
				SDKROOT = iphoneos;
				SWIFT_ACTIVE_COMPILATION_CONDITIONS = DEBUG;
				SWIFT_OPTIMIZATION_LEVEL = "-Onone";
			};
			name = Debug;
		};
		402BFCF926E11EE300CFBE01 /* Release */ = {
			isa = XCBuildConfiguration;
			buildSettings = {
				ALWAYS_SEARCH_USER_PATHS = NO;
				CLANG_ANALYZER_NONNULL = YES;
				CLANG_ANALYZER_NUMBER_OBJECT_CONVERSION = YES_AGGRESSIVE;
				CLANG_CXX_LANGUAGE_STANDARD = "gnu++14";
				CLANG_CXX_LIBRARY = "libc++";
				CLANG_ENABLE_MODULES = YES;
				CLANG_ENABLE_OBJC_ARC = YES;
				CLANG_ENABLE_OBJC_WEAK = YES;
				CLANG_WARN_BLOCK_CAPTURE_AUTORELEASING = YES;
				CLANG_WARN_BOOL_CONVERSION = YES;
				CLANG_WARN_COMMA = YES;
				CLANG_WARN_CONSTANT_CONVERSION = YES;
				CLANG_WARN_DEPRECATED_OBJC_IMPLEMENTATIONS = YES;
				CLANG_WARN_DIRECT_OBJC_ISA_USAGE = YES_ERROR;
				CLANG_WARN_DOCUMENTATION_COMMENTS = YES;
				CLANG_WARN_EMPTY_BODY = YES;
				CLANG_WARN_ENUM_CONVERSION = YES;
				CLANG_WARN_INFINITE_RECURSION = YES;
				CLANG_WARN_INT_CONVERSION = YES;
				CLANG_WARN_NON_LITERAL_NULL_CONVERSION = YES;
				CLANG_WARN_OBJC_IMPLICIT_RETAIN_SELF = YES;
				CLANG_WARN_OBJC_LITERAL_CONVERSION = YES;
				CLANG_WARN_OBJC_ROOT_CLASS = YES_ERROR;
				CLANG_WARN_QUOTED_INCLUDE_IN_FRAMEWORK_HEADER = YES;
				CLANG_WARN_RANGE_LOOP_ANALYSIS = YES;
				CLANG_WARN_STRICT_PROTOTYPES = YES;
				CLANG_WARN_SUSPICIOUS_MOVE = YES;
				CLANG_WARN_UNGUARDED_AVAILABILITY = YES_AGGRESSIVE;
				CLANG_WARN_UNREACHABLE_CODE = YES;
				CLANG_WARN__DUPLICATE_METHOD_MATCH = YES;
				CODE_SIGN_STYLE = Automatic;
				COPY_PHASE_STRIP = NO;
				DEBUG_INFORMATION_FORMAT = "dwarf-with-dsym";
				DEVELOPMENT_TEAM = RVW2J6VR8Y;
				ENABLE_NS_ASSERTIONS = NO;
				ENABLE_STRICT_OBJC_MSGSEND = YES;
				GCC_C_LANGUAGE_STANDARD = gnu11;
				GCC_NO_COMMON_BLOCKS = YES;
				GCC_WARN_64_TO_32_BIT_CONVERSION = YES;
				GCC_WARN_ABOUT_RETURN_TYPE = YES_ERROR;
				GCC_WARN_UNDECLARED_SELECTOR = YES;
				GCC_WARN_UNINITIALIZED_AUTOS = YES_AGGRESSIVE;
				GCC_WARN_UNUSED_FUNCTION = YES;
				GCC_WARN_UNUSED_VARIABLE = YES;
				IPHONEOS_DEPLOYMENT_TARGET = 14.5;
				MTL_ENABLE_DEBUG_INFO = NO;
				MTL_FAST_MATH = YES;
				SDKROOT = iphoneos;
				SWIFT_COMPILATION_MODE = wholemodule;
				SWIFT_OPTIMIZATION_LEVEL = "-O";
				VALIDATE_PRODUCT = YES;
			};
			name = Release;
		};
		402BFCFB26E11EE300CFBE01 /* Debug */ = {
			isa = XCBuildConfiguration;
			baseConfigurationReference = EBC83A86E7D097E3E2F03B8D /* Pods-Reciplease.debug.xcconfig */;
			buildSettings = {
				ASSETCATALOG_COMPILER_APPICON_NAME = AppIcon;
				ASSETCATALOG_COMPILER_GLOBAL_ACCENT_COLOR_NAME = AccentColor;
				CODE_SIGN_IDENTITY = "Apple Development";
				CODE_SIGN_STYLE = Automatic;
				DEVELOPMENT_TEAM = 99934KCD3X;
				INFOPLIST_FILE = "Reciplease/Supporting Files/Info.plist";
				IPHONEOS_DEPLOYMENT_TARGET = 14.1;
				LD_RUNPATH_SEARCH_PATHS = (
					"$(inherited)",
					"@executable_path/Frameworks",
				);
				PRODUCT_BUNDLE_IDENTIFIER = com.prismatic.Reciplease;
				PRODUCT_NAME = "$(TARGET_NAME)";
				PROVISIONING_PROFILE_SPECIFIER = "";
				SWIFT_VERSION = 5.0;
				TARGETED_DEVICE_FAMILY = 1;
			};
			name = Debug;
		};
		402BFCFC26E11EE300CFBE01 /* Release */ = {
			isa = XCBuildConfiguration;
			baseConfigurationReference = 486589FC1B79C6B269E4AC8E /* Pods-Reciplease.release.xcconfig */;
			buildSettings = {
				ASSETCATALOG_COMPILER_APPICON_NAME = AppIcon;
				ASSETCATALOG_COMPILER_GLOBAL_ACCENT_COLOR_NAME = AccentColor;
				CODE_SIGN_IDENTITY = "Apple Development";
				CODE_SIGN_STYLE = Automatic;
				DEVELOPMENT_TEAM = 99934KCD3X;
				INFOPLIST_FILE = "Reciplease/Supporting Files/Info.plist";
				IPHONEOS_DEPLOYMENT_TARGET = 14.1;
				LD_RUNPATH_SEARCH_PATHS = (
					"$(inherited)",
					"@executable_path/Frameworks",
				);
				PRODUCT_BUNDLE_IDENTIFIER = com.prismatic.Reciplease;
				PRODUCT_NAME = "$(TARGET_NAME)";
				PROVISIONING_PROFILE_SPECIFIER = "";
				SWIFT_VERSION = 5.0;
				TARGETED_DEVICE_FAMILY = 1;
			};
			name = Release;
		};
		402BFCFE26E11EE300CFBE01 /* Debug */ = {
			isa = XCBuildConfiguration;
			baseConfigurationReference = 6D430ECB56B0F1BB470E9E04 /* Pods-RecipleaseTests.debug.xcconfig */;
			buildSettings = {
				ALWAYS_EMBED_SWIFT_STANDARD_LIBRARIES = YES;
				BUNDLE_LOADER = "$(TEST_HOST)";
				CLANG_ENABLE_MODULES = YES;
				CODE_SIGN_STYLE = Automatic;
				DEVELOPMENT_TEAM = RVW2J6VR8Y;
				INFOPLIST_FILE = RecipleaseTests/Info.plist;
				IPHONEOS_DEPLOYMENT_TARGET = 14.5;
				LD_RUNPATH_SEARCH_PATHS = (
					"$(inherited)",
					"@executable_path/Frameworks",
					"@loader_path/Frameworks",
				);
				PRODUCT_BUNDLE_IDENTIFIER = com.johannpetzold.RecipleaseTests;
				PRODUCT_NAME = "$(TARGET_NAME)";
				SWIFT_OPTIMIZATION_LEVEL = "-Onone";
				SWIFT_VERSION = 5.0;
				TARGETED_DEVICE_FAMILY = "1,2";
				TEST_HOST = "$(BUILT_PRODUCTS_DIR)/Reciplease.app/Reciplease";
			};
			name = Debug;
		};
		402BFCFF26E11EE300CFBE01 /* Release */ = {
			isa = XCBuildConfiguration;
			baseConfigurationReference = 884B4BB943619A41A1269391 /* Pods-RecipleaseTests.release.xcconfig */;
			buildSettings = {
				ALWAYS_EMBED_SWIFT_STANDARD_LIBRARIES = YES;
				BUNDLE_LOADER = "$(TEST_HOST)";
				CLANG_ENABLE_MODULES = YES;
				CODE_SIGN_STYLE = Automatic;
				DEVELOPMENT_TEAM = RVW2J6VR8Y;
				INFOPLIST_FILE = RecipleaseTests/Info.plist;
				IPHONEOS_DEPLOYMENT_TARGET = 14.5;
				LD_RUNPATH_SEARCH_PATHS = (
					"$(inherited)",
					"@executable_path/Frameworks",
					"@loader_path/Frameworks",
				);
				PRODUCT_BUNDLE_IDENTIFIER = com.johannpetzold.RecipleaseTests;
				PRODUCT_NAME = "$(TARGET_NAME)";
				SWIFT_VERSION = 5.0;
				TARGETED_DEVICE_FAMILY = "1,2";
				TEST_HOST = "$(BUILT_PRODUCTS_DIR)/Reciplease.app/Reciplease";
			};
			name = Release;
		};
/* End XCBuildConfiguration section */

/* Begin XCConfigurationList section */
		402BFCC826E11EE200CFBE01 /* Build configuration list for PBXProject "Reciplease" */ = {
			isa = XCConfigurationList;
			buildConfigurations = (
				402BFCF826E11EE300CFBE01 /* Debug */,
				402BFCF926E11EE300CFBE01 /* Release */,
			);
			defaultConfigurationIsVisible = 0;
			defaultConfigurationName = Release;
		};
		402BFCFA26E11EE300CFBE01 /* Build configuration list for PBXNativeTarget "Reciplease" */ = {
			isa = XCConfigurationList;
			buildConfigurations = (
				402BFCFB26E11EE300CFBE01 /* Debug */,
				402BFCFC26E11EE300CFBE01 /* Release */,
			);
			defaultConfigurationIsVisible = 0;
			defaultConfigurationName = Release;
		};
		402BFCFD26E11EE300CFBE01 /* Build configuration list for PBXNativeTarget "RecipleaseTests" */ = {
			isa = XCConfigurationList;
			buildConfigurations = (
				402BFCFE26E11EE300CFBE01 /* Debug */,
				402BFCFF26E11EE300CFBE01 /* Release */,
			);
			defaultConfigurationIsVisible = 0;
			defaultConfigurationName = Release;
		};
/* End XCConfigurationList section */

/* Begin XCVersionGroup section */
		402BFCD926E11EE300CFBE01 /* Reciplease.xcdatamodeld */ = {
			isa = XCVersionGroup;
			children = (
				402BFCDA26E11EE300CFBE01 /* Reciplease.xcdatamodel */,
			);
			currentVersion = 402BFCDA26E11EE300CFBE01 /* Reciplease.xcdatamodel */;
			path = Reciplease.xcdatamodeld;
			sourceTree = "<group>";
			versionGroupType = wrapper.xcdatamodel;
		};
/* End XCVersionGroup section */
	};
	rootObject = 402BFCC526E11EE200CFBE01 /* Project object */;
}
